
Microsoft Visual Studio Solution File, Format Version 12.00
# Visual Studio Version 17
VisualStudioVersion = 17.9.34902.65
MinimumVisualStudioVersion = 10.0.40219.1
Project("{8BC9CEB8-8B4A-11D0-8D11-00A0C91BC942}") = "project1", "project1\project1.vcxproj", "{72387C3E-904B-434E-ABDB-C3CDDEDEE4CD}"
EndProject
Project("{8BC9CEB8-8B4A-11D0-8D11-00A0C91BC942}") = "Sample-Test1", "Sample-Test1\Sample-Test1.vcxproj", "{F1F1B698-E18C-455D-ABCA-347C16C25086}"
EndProject
Project("{2150E333-8FDC-42A3-9474-1A3956D46DE8}") = "솔루션 항목", "솔루션 항목", "{F4B71FEF-6CFE-4C09-8049-D1741B8C47E3}"
	ProjectSection(SolutionItems) = preProject
		.editorconfig = .editorconfig
		.gitignore = .gitignore
	EndProjectSection
EndProject
Global
	GlobalSection(SolutionConfigurationPlatforms) = preSolution
		Debug|x64 = Debug|x64
		Debug|x86 = Debug|x86
		Release|x64 = Release|x64
		Release|x86 = Release|x86
	EndGlobalSection
	GlobalSection(ProjectConfigurationPlatforms) = postSolution
		{72387C3E-904B-434E-ABDB-C3CDDEDEE4CD}.Debug|x64.ActiveCfg = Debug|x64
		{72387C3E-904B-434E-ABDB-C3CDDEDEE4CD}.Debug|x64.Build.0 = Debug|x64
		{72387C3E-904B-434E-ABDB-C3CDDEDEE4CD}.Debug|x86.ActiveCfg = Debug|Win32
		{72387C3E-904B-434E-ABDB-C3CDDEDEE4CD}.Debug|x86.Build.0 = Debug|Win32
		{72387C3E-904B-434E-ABDB-C3CDDEDEE4CD}.Release|x64.ActiveCfg = Release|x64
		{72387C3E-904B-434E-ABDB-C3CDDEDEE4CD}.Release|x64.Build.0 = Release|x64
		{72387C3E-904B-434E-ABDB-C3CDDEDEE4CD}.Release|x86.ActiveCfg = Release|Win32
		{72387C3E-904B-434E-ABDB-C3CDDEDEE4CD}.Release|x86.Build.0 = Release|Win32
		{F1F1B698-E18C-455D-ABCA-347C16C25086}.Debug|x64.ActiveCfg = Debug|x64
		{F1F1B698-E18C-455D-ABCA-347C16C25086}.Debug|x64.Build.0 = Debug|x64
		{F1F1B698-E18C-455D-ABCA-347C16C25086}.Debug|x86.ActiveCfg = Debug|Win32
		{F1F1B698-E18C-455D-ABCA-347C16C25086}.Debug|x86.Build.0 = Debug|Win32
		{F1F1B698-E18C-455D-ABCA-347C16C25086}.Release|x64.ActiveCfg = Release|x64
		{F1F1B698-E18C-455D-ABCA-347C16C25086}.Release|x64.Build.0 = Release|x64
		{F1F1B698-E18C-455D-ABCA-347C16C25086}.Release|x86.ActiveCfg = Release|Win32
		{F1F1B698-E18C-455D-ABCA-347C16C25086}.Release|x86.Build.0 = Release|Win32
	EndGlobalSection
	GlobalSection(SolutionProperties) = preSolution
		HideSolutionNode = FALSE
	EndGlobalSection
	GlobalSection(ExtensibilityGlobals) = postSolution
		SolutionGuid = {EE796C6C-2BB9-4BEA-A0CF-DFFB1E239786}
	EndGlobalSection
EndGlobal
